
Microsoft Visual Studio Solution File, Format Version 12.00
# Visual Studio 2012
Project("{FAE04EC0-301F-11D3-BF4B-00C04F79EFBC}") = "STWBot", "STWBot\STWBot.csproj", "{907183B6-3651-4654-8406-8990404443CE}"
EndProject
Global
	GlobalSection(SolutionConfigurationPlatforms) = preSolution
		Debug|x86 = Debug|x86
		Release|x86 = Release|x86
	EndGlobalSection
	GlobalSection(ProjectConfigurationPlatforms) = postSolution
		{907183B6-3651-4654-8406-8990404443CE}.Debug|x86.ActiveCfg = Debug|x86
		{907183B6-3651-4654-8406-8990404443CE}.Debug|x86.Build.0 = Debug|x86
		{907183B6-3651-4654-8406-8990404443CE}.Release|x86.ActiveCfg = Release|x86
		{907183B6-3651-4654-8406-8990404443CE}.Release|x86.Build.0 = Release|x86
	EndGlobalSection
EndGlobal
